// !$*UTF8*$!
{
	archiveVersion = 1;
	classes = {
	};
	objectVersion = 55;
	objects = {

/* Begin PBXBuildFile section */
		03F0931467EE724F3EBA9D75 /* Pods_RutaSegura_RutaSeguraUITests.framework in Frameworks */ = {isa = PBXBuildFile; fileRef = 385D4DC2F51BB633BD6FCDBE /* Pods_RutaSegura_RutaSeguraUITests.framework */; };
		3FB12ADC293094F900FA39FE /* AppDelegate.swift in Sources */ = {isa = PBXBuildFile; fileRef = 3FB12ADB293094F900FA39FE /* AppDelegate.swift */; };
		3FB12ADE293094F900FA39FE /* SceneDelegate.swift in Sources */ = {isa = PBXBuildFile; fileRef = 3FB12ADD293094F900FA39FE /* SceneDelegate.swift */; };
		3FB12AE0293094F900FA39FE /* ViewController.swift in Sources */ = {isa = PBXBuildFile; fileRef = 3FB12ADF293094F900FA39FE /* ViewController.swift */; };
		3FB12AE3293094F900FA39FE /* Main.storyboard in Resources */ = {isa = PBXBuildFile; fileRef = 3FB12AE1293094F900FA39FE /* Main.storyboard */; };
		3FB12AE5293094FB00FA39FE /* Assets.xcassets in Resources */ = {isa = PBXBuildFile; fileRef = 3FB12AE4293094FB00FA39FE /* Assets.xcassets */; };
		3FB12AE8293094FB00FA39FE /* LaunchScreen.storyboard in Resources */ = {isa = PBXBuildFile; fileRef = 3FB12AE6293094FB00FA39FE /* LaunchScreen.storyboard */; };
		3FB12AF3293094FB00FA39FE /* RutaSeguraTests.swift in Sources */ = {isa = PBXBuildFile; fileRef = 3FB12AF2293094FB00FA39FE /* RutaSeguraTests.swift */; };
		3FB12AFD293094FB00FA39FE /* RutaSeguraUITests.swift in Sources */ = {isa = PBXBuildFile; fileRef = 3FB12AFC293094FB00FA39FE /* RutaSeguraUITests.swift */; };
		3FB12AFF293094FB00FA39FE /* RutaSeguraUITestsLaunchTests.swift in Sources */ = {isa = PBXBuildFile; fileRef = 3FB12AFE293094FB00FA39FE /* RutaSeguraUITestsLaunchTests.swift */; };
		3FEC78902935DA6D0093D2D3 /* AppConstants.swift in Sources */ = {isa = PBXBuildFile; fileRef = 3FEC788F2935DA6D0093D2D3 /* AppConstants.swift */; };
		3FEC78932935DD640093D2D3 /* ApiClient.swift in Sources */ = {isa = PBXBuildFile; fileRef = 3FEC78922935DD640093D2D3 /* ApiClient.swift */; };
		3FEC78962935E11B0093D2D3 /* RutaSeguraEntity.swift in Sources */ = {isa = PBXBuildFile; fileRef = 3FEC78952935E11B0093D2D3 /* RutaSeguraEntity.swift */; };
		3FFB7BFB2932F6D900147037 /* NetworkLayer.framework in Frameworks */ = {isa = PBXBuildFile; fileRef = 3FFB7BFA2932F6D900147037 /* NetworkLayer.framework */; };
		3FFB7BFC2932F6D900147037 /* NetworkLayer.framework in Embed Frameworks */ = {isa = PBXBuildFile; fileRef = 3FFB7BFA2932F6D900147037 /* NetworkLayer.framework */; settings = {ATTRIBUTES = (CodeSignOnCopy, RemoveHeadersOnCopy, ); }; };
		5D828389A36645759C3D4F15 /* Pods_RutaSeguraTests.framework in Frameworks */ = {isa = PBXBuildFile; fileRef = 0D43718A58951F0EA1060187 /* Pods_RutaSeguraTests.framework */; };
		DCA64A8FF838182164D537E5 /* Pods_RutaSegura.framework in Frameworks */ = {isa = PBXBuildFile; fileRef = B2E91D6CB7FFCC02D9D1E982 /* Pods_RutaSegura.framework */; };
/* End PBXBuildFile section */

/* Begin PBXContainerItemProxy section */
		3FB12AEF293094FB00FA39FE /* PBXContainerItemProxy */ = {
			isa = PBXContainerItemProxy;
			containerPortal = 3FB12AD0293094F900FA39FE /* Project object */;
			proxyType = 1;
			remoteGlobalIDString = 3FB12AD7293094F900FA39FE;
			remoteInfo = RutaSegura;
		};
		3FB12AF9293094FB00FA39FE /* PBXContainerItemProxy */ = {
			isa = PBXContainerItemProxy;
			containerPortal = 3FB12AD0293094F900FA39FE /* Project object */;
			proxyType = 1;
			remoteGlobalIDString = 3FB12AD7293094F900FA39FE;
			remoteInfo = RutaSegura;
		};
/* End PBXContainerItemProxy section */

/* Begin PBXCopyFilesBuildPhase section */
		3FFB7BFD2932F6D900147037 /* Embed Frameworks */ = {
			isa = PBXCopyFilesBuildPhase;
			buildActionMask = 2147483647;
			dstPath = "";
			dstSubfolderSpec = 10;
			files = (
				3FFB7BFC2932F6D900147037 /* NetworkLayer.framework in Embed Frameworks */,
			);
			name = "Embed Frameworks";
			runOnlyForDeploymentPostprocessing = 0;
		};
/* End PBXCopyFilesBuildPhase section */

/* Begin PBXFileReference section */
		0D43718A58951F0EA1060187 /* Pods_RutaSeguraTests.framework */ = {isa = PBXFileReference; explicitFileType = wrapper.framework; includeInIndex = 0; path = Pods_RutaSeguraTests.framework; sourceTree = BUILT_PRODUCTS_DIR; };
		31DE700B96E679B56904812E /* Pods-RutaSegura-RutaSeguraUITests.release.xcconfig */ = {isa = PBXFileReference; includeInIndex = 1; lastKnownFileType = text.xcconfig; name = "Pods-RutaSegura-RutaSeguraUITests.release.xcconfig"; path = "Target Support Files/Pods-RutaSegura-RutaSeguraUITests/Pods-RutaSegura-RutaSeguraUITests.release.xcconfig"; sourceTree = "<group>"; };
		385D4DC2F51BB633BD6FCDBE /* Pods_RutaSegura_RutaSeguraUITests.framework */ = {isa = PBXFileReference; explicitFileType = wrapper.framework; includeInIndex = 0; path = Pods_RutaSegura_RutaSeguraUITests.framework; sourceTree = BUILT_PRODUCTS_DIR; };
		3FB12AD8293094F900FA39FE /* RutaSegura.app */ = {isa = PBXFileReference; explicitFileType = wrapper.application; includeInIndex = 0; path = RutaSegura.app; sourceTree = BUILT_PRODUCTS_DIR; };
		3FB12ADB293094F900FA39FE /* AppDelegate.swift */ = {isa = PBXFileReference; lastKnownFileType = sourcecode.swift; path = AppDelegate.swift; sourceTree = "<group>"; };
		3FB12ADD293094F900FA39FE /* SceneDelegate.swift */ = {isa = PBXFileReference; lastKnownFileType = sourcecode.swift; path = SceneDelegate.swift; sourceTree = "<group>"; };
		3FB12ADF293094F900FA39FE /* ViewController.swift */ = {isa = PBXFileReference; lastKnownFileType = sourcecode.swift; path = ViewController.swift; sourceTree = "<group>"; };
		3FB12AE2293094F900FA39FE /* Base */ = {isa = PBXFileReference; lastKnownFileType = file.storyboard; name = Base; path = Base.lproj/Main.storyboard; sourceTree = "<group>"; };
		3FB12AE4293094FB00FA39FE /* Assets.xcassets */ = {isa = PBXFileReference; lastKnownFileType = folder.assetcatalog; path = Assets.xcassets; sourceTree = "<group>"; };
		3FB12AE7293094FB00FA39FE /* Base */ = {isa = PBXFileReference; lastKnownFileType = file.storyboard; name = Base; path = Base.lproj/LaunchScreen.storyboard; sourceTree = "<group>"; };
		3FB12AE9293094FB00FA39FE /* Info.plist */ = {isa = PBXFileReference; lastKnownFileType = text.plist.xml; path = Info.plist; sourceTree = "<group>"; };
		3FB12AEE293094FB00FA39FE /* RutaSeguraTests.xctest */ = {isa = PBXFileReference; explicitFileType = wrapper.cfbundle; includeInIndex = 0; path = RutaSeguraTests.xctest; sourceTree = BUILT_PRODUCTS_DIR; };
		3FB12AF2293094FB00FA39FE /* RutaSeguraTests.swift */ = {isa = PBXFileReference; lastKnownFileType = sourcecode.swift; path = RutaSeguraTests.swift; sourceTree = "<group>"; };
		3FB12AF8293094FB00FA39FE /* RutaSeguraUITests.xctest */ = {isa = PBXFileReference; explicitFileType = wrapper.cfbundle; includeInIndex = 0; path = RutaSeguraUITests.xctest; sourceTree = BUILT_PRODUCTS_DIR; };
		3FB12AFC293094FB00FA39FE /* RutaSeguraUITests.swift */ = {isa = PBXFileReference; lastKnownFileType = sourcecode.swift; path = RutaSeguraUITests.swift; sourceTree = "<group>"; };
		3FB12AFE293094FB00FA39FE /* RutaSeguraUITestsLaunchTests.swift */ = {isa = PBXFileReference; lastKnownFileType = sourcecode.swift; path = RutaSeguraUITestsLaunchTests.swift; sourceTree = "<group>"; };
		3FEC788F2935DA6D0093D2D3 /* AppConstants.swift */ = {isa = PBXFileReference; lastKnownFileType = sourcecode.swift; path = AppConstants.swift; sourceTree = "<group>"; };
		3FEC78922935DD640093D2D3 /* ApiClient.swift */ = {isa = PBXFileReference; lastKnownFileType = sourcecode.swift; path = ApiClient.swift; sourceTree = "<group>"; };
		3FEC78952935E11B0093D2D3 /* RutaSeguraEntity.swift */ = {isa = PBXFileReference; lastKnownFileType = sourcecode.swift; path = RutaSeguraEntity.swift; sourceTree = "<group>"; };
		3FFB7BFA2932F6D900147037 /* NetworkLayer.framework */ = {isa = PBXFileReference; explicitFileType = wrapper.framework; path = NetworkLayer.framework; sourceTree = BUILT_PRODUCTS_DIR; };
		45D3097E07915575849118F7 /* Pods-RutaSegura-RutaSeguraUITests.debug.xcconfig */ = {isa = PBXFileReference; includeInIndex = 1; lastKnownFileType = text.xcconfig; name = "Pods-RutaSegura-RutaSeguraUITests.debug.xcconfig"; path = "Target Support Files/Pods-RutaSegura-RutaSeguraUITests/Pods-RutaSegura-RutaSeguraUITests.debug.xcconfig"; sourceTree = "<group>"; };
		90F6D40A9745A9B2F958777D /* Pods-RutaSegura.debug.xcconfig */ = {isa = PBXFileReference; includeInIndex = 1; lastKnownFileType = text.xcconfig; name = "Pods-RutaSegura.debug.xcconfig"; path = "Target Support Files/Pods-RutaSegura/Pods-RutaSegura.debug.xcconfig"; sourceTree = "<group>"; };
		B2E91D6CB7FFCC02D9D1E982 /* Pods_RutaSegura.framework */ = {isa = PBXFileReference; explicitFileType = wrapper.framework; includeInIndex = 0; path = Pods_RutaSegura.framework; sourceTree = BUILT_PRODUCTS_DIR; };
		BE64027E428A89ED4F8D267C /* Pods-RutaSeguraTests.debug.xcconfig */ = {isa = PBXFileReference; includeInIndex = 1; lastKnownFileType = text.xcconfig; name = "Pods-RutaSeguraTests.debug.xcconfig"; path = "Target Support Files/Pods-RutaSeguraTests/Pods-RutaSeguraTests.debug.xcconfig"; sourceTree = "<group>"; };
		F10036A65FAF19AB27674CA9 /* Pods-RutaSegura.release.xcconfig */ = {isa = PBXFileReference; includeInIndex = 1; lastKnownFileType = text.xcconfig; name = "Pods-RutaSegura.release.xcconfig"; path = "Target Support Files/Pods-RutaSegura/Pods-RutaSegura.release.xcconfig"; sourceTree = "<group>"; };
		F5B7DC62F4BA90C8F5249087 /* Pods-RutaSeguraTests.release.xcconfig */ = {isa = PBXFileReference; includeInIndex = 1; lastKnownFileType = text.xcconfig; name = "Pods-RutaSeguraTests.release.xcconfig"; path = "Target Support Files/Pods-RutaSeguraTests/Pods-RutaSeguraTests.release.xcconfig"; sourceTree = "<group>"; };
/* End PBXFileReference section */

/* Begin PBXFrameworksBuildPhase section */
		3FB12AD5293094F900FA39FE /* Frameworks */ = {
			isa = PBXFrameworksBuildPhase;
			buildActionMask = 2147483647;
			files = (
				DCA64A8FF838182164D537E5 /* Pods_RutaSegura.framework in Frameworks */,
				3FFB7BFB2932F6D900147037 /* NetworkLayer.framework in Frameworks */,
			);
			runOnlyForDeploymentPostprocessing = 0;
		};
		3FB12AEB293094FB00FA39FE /* Frameworks */ = {
			isa = PBXFrameworksBuildPhase;
			buildActionMask = 2147483647;
			files = (
				5D828389A36645759C3D4F15 /* Pods_RutaSeguraTests.framework in Frameworks */,
			);
			runOnlyForDeploymentPostprocessing = 0;
		};
		3FB12AF5293094FB00FA39FE /* Frameworks */ = {
			isa = PBXFrameworksBuildPhase;
			buildActionMask = 2147483647;
			files = (
				03F0931467EE724F3EBA9D75 /* Pods_RutaSegura_RutaSeguraUITests.framework in Frameworks */,
			);
			runOnlyForDeploymentPostprocessing = 0;
		};
/* End PBXFrameworksBuildPhase section */

/* Begin PBXGroup section */
		13A0309674181850D4823AC8 /* Pods */ = {
			isa = PBXGroup;
			children = (
				90F6D40A9745A9B2F958777D /* Pods-RutaSegura.debug.xcconfig */,
				F10036A65FAF19AB27674CA9 /* Pods-RutaSegura.release.xcconfig */,
				45D3097E07915575849118F7 /* Pods-RutaSegura-RutaSeguraUITests.debug.xcconfig */,
				31DE700B96E679B56904812E /* Pods-RutaSegura-RutaSeguraUITests.release.xcconfig */,
				BE64027E428A89ED4F8D267C /* Pods-RutaSeguraTests.debug.xcconfig */,
				F5B7DC62F4BA90C8F5249087 /* Pods-RutaSeguraTests.release.xcconfig */,
			);
			path = Pods;
			sourceTree = "<group>";
		};
		3FB12ACF293094F900FA39FE = {
			isa = PBXGroup;
			children = (
				3FB12ADA293094F900FA39FE /* RutaSegura */,
				3FB12AF1293094FB00FA39FE /* RutaSeguraTests */,
				3FB12AFB293094FB00FA39FE /* RutaSeguraUITests */,
				3FB12AD9293094F900FA39FE /* Products */,
				13A0309674181850D4823AC8 /* Pods */,
				7341DFAB037E447331EDAA90 /* Frameworks */,
			);
			sourceTree = "<group>";
		};
		3FB12AD9293094F900FA39FE /* Products */ = {
			isa = PBXGroup;
			children = (
				3FB12AD8293094F900FA39FE /* RutaSegura.app */,
				3FB12AEE293094FB00FA39FE /* RutaSeguraTests.xctest */,
				3FB12AF8293094FB00FA39FE /* RutaSeguraUITests.xctest */,
			);
			name = Products;
			sourceTree = "<group>";
		};
		3FB12ADA293094F900FA39FE /* RutaSegura */ = {
			isa = PBXGroup;
			children = (
				3FEC78942935E0970093D2D3 /* Entities */,
				3FEC78912935DD310093D2D3 /* API */,
				3FEC788E2935DA510093D2D3 /* Resources */,
				3FB12ADB293094F900FA39FE /* AppDelegate.swift */,
				3FB12ADD293094F900FA39FE /* SceneDelegate.swift */,
				3FB12ADF293094F900FA39FE /* ViewController.swift */,
				3FB12AE1293094F900FA39FE /* Main.storyboard */,
				3FB12AE4293094FB00FA39FE /* Assets.xcassets */,
				3FB12AE6293094FB00FA39FE /* LaunchScreen.storyboard */,
				3FB12AE9293094FB00FA39FE /* Info.plist */,
			);
			path = RutaSegura;
			sourceTree = "<group>";
		};
		3FB12AF1293094FB00FA39FE /* RutaSeguraTests */ = {
			isa = PBXGroup;
			children = (
				3FB12AF2293094FB00FA39FE /* RutaSeguraTests.swift */,
			);
			path = RutaSeguraTests;
			sourceTree = "<group>";
		};
		3FB12AFB293094FB00FA39FE /* RutaSeguraUITests */ = {
			isa = PBXGroup;
			children = (
				3FB12AFC293094FB00FA39FE /* RutaSeguraUITests.swift */,
				3FB12AFE293094FB00FA39FE /* RutaSeguraUITestsLaunchTests.swift */,
			);
			path = RutaSeguraUITests;
			sourceTree = "<group>";
		};
		3FEC788E2935DA510093D2D3 /* Resources */ = {
			isa = PBXGroup;
			children = (
				3FEC788F2935DA6D0093D2D3 /* AppConstants.swift */,
			);
			path = Resources;
			sourceTree = "<group>";
		};
		3FEC78912935DD310093D2D3 /* API */ = {
			isa = PBXGroup;
			children = (
				3FEC78922935DD640093D2D3 /* ApiClient.swift */,
			);
			path = API;
			sourceTree = "<group>";
		};
		3FEC78942935E0970093D2D3 /* Entities */ = {
			isa = PBXGroup;
			children = (
				3FEC78952935E11B0093D2D3 /* RutaSeguraEntity.swift */,
			);
			path = Entities;
			sourceTree = "<group>";
		};
		7341DFAB037E447331EDAA90 /* Frameworks */ = {
			isa = PBXGroup;
			children = (
				3FFB7BFA2932F6D900147037 /* NetworkLayer.framework */,
				B2E91D6CB7FFCC02D9D1E982 /* Pods_RutaSegura.framework */,
				385D4DC2F51BB633BD6FCDBE /* Pods_RutaSegura_RutaSeguraUITests.framework */,
				0D43718A58951F0EA1060187 /* Pods_RutaSeguraTests.framework */,
			);
			name = Frameworks;
			sourceTree = "<group>";
		};
/* End PBXGroup section */

/* Begin PBXNativeTarget section */
		3FB12AD7293094F900FA39FE /* RutaSegura */ = {
			isa = PBXNativeTarget;
			buildConfigurationList = 3FB12B02293094FB00FA39FE /* Build configuration list for PBXNativeTarget "RutaSegura" */;
			buildPhases = (
				06EF87785E9BBE5F7C018371 /* [CP] Check Pods Manifest.lock */,
				3FB12AD4293094F900FA39FE /* Sources */,
				3FB12AD5293094F900FA39FE /* Frameworks */,
				3FB12AD6293094F900FA39FE /* Resources */,
				3F35093C2932D591004D80FA /* ShellScript */,
				3FFB7BFD2932F6D900147037 /* Embed Frameworks */,
				2C2C78E12A20411D5167C5A9 /* [CP] Embed Pods Frameworks */,
			);
			buildRules = (
			);
			dependencies = (
			);
			name = RutaSegura;
			productName = RutaSegura;
			productReference = 3FB12AD8293094F900FA39FE /* RutaSegura.app */;
			productType = "com.apple.product-type.application";
		};
		3FB12AED293094FB00FA39FE /* RutaSeguraTests */ = {
			isa = PBXNativeTarget;
			buildConfigurationList = 3FB12B05293094FB00FA39FE /* Build configuration list for PBXNativeTarget "RutaSeguraTests" */;
			buildPhases = (
				4B10DFC4FF3E986B5A3CEAEA /* [CP] Check Pods Manifest.lock */,
				3FB12AEA293094FB00FA39FE /* Sources */,
				3FB12AEB293094FB00FA39FE /* Frameworks */,
				3FB12AEC293094FB00FA39FE /* Resources */,
			);
			buildRules = (
			);
			dependencies = (
				3FB12AF0293094FB00FA39FE /* PBXTargetDependency */,
			);
			name = RutaSeguraTests;
			productName = RutaSeguraTests;
			productReference = 3FB12AEE293094FB00FA39FE /* RutaSeguraTests.xctest */;
			productType = "com.apple.product-type.bundle.unit-test";
		};
		3FB12AF7293094FB00FA39FE /* RutaSeguraUITests */ = {
			isa = PBXNativeTarget;
			buildConfigurationList = 3FB12B08293094FB00FA39FE /* Build configuration list for PBXNativeTarget "RutaSeguraUITests" */;
			buildPhases = (
				590D0B8B7EEDD5CA311608C7 /* [CP] Check Pods Manifest.lock */,
				3FB12AF4293094FB00FA39FE /* Sources */,
				3FB12AF5293094FB00FA39FE /* Frameworks */,
				3FB12AF6293094FB00FA39FE /* Resources */,
				0E381559A67341E063C1B244 /* [CP] Embed Pods Frameworks */,
			);
			buildRules = (
			);
			dependencies = (
				3FB12AFA293094FB00FA39FE /* PBXTargetDependency */,
			);
			name = RutaSeguraUITests;
			productName = RutaSeguraUITests;
			productReference = 3FB12AF8293094FB00FA39FE /* RutaSeguraUITests.xctest */;
			productType = "com.apple.product-type.bundle.ui-testing";
		};
/* End PBXNativeTarget section */

/* Begin PBXProject section */
		3FB12AD0293094F900FA39FE /* Project object */ = {
			isa = PBXProject;
			attributes = {
				BuildIndependentTargetsInParallel = 1;
				LastSwiftUpdateCheck = 1400;
				LastUpgradeCheck = 1400;
				TargetAttributes = {
					3FB12AD7293094F900FA39FE = {
						CreatedOnToolsVersion = 14.0;
					};
					3FB12AED293094FB00FA39FE = {
						CreatedOnToolsVersion = 14.0;
						TestTargetID = 3FB12AD7293094F900FA39FE;
					};
					3FB12AF7293094FB00FA39FE = {
						CreatedOnToolsVersion = 14.0;
						TestTargetID = 3FB12AD7293094F900FA39FE;
					};
				};
			};
			buildConfigurationList = 3FB12AD3293094F900FA39FE /* Build configuration list for PBXProject "RutaSegura" */;
			compatibilityVersion = "Xcode 13.0";
			developmentRegion = en;
			hasScannedForEncodings = 0;
			knownRegions = (
				en,
				Base,
			);
			mainGroup = 3FB12ACF293094F900FA39FE;
			productRefGroup = 3FB12AD9293094F900FA39FE /* Products */;
			projectDirPath = "";
			projectRoot = "";
			targets = (
				3FB12AD7293094F900FA39FE /* RutaSegura */,
				3FB12AED293094FB00FA39FE /* RutaSeguraTests */,
				3FB12AF7293094FB00FA39FE /* RutaSeguraUITests */,
			);
		};
/* End PBXProject section */

/* Begin PBXResourcesBuildPhase section */
		3FB12AD6293094F900FA39FE /* Resources */ = {
			isa = PBXResourcesBuildPhase;
			buildActionMask = 2147483647;
			files = (
				3FB12AE8293094FB00FA39FE /* LaunchScreen.storyboard in Resources */,
				3FB12AE5293094FB00FA39FE /* Assets.xcassets in Resources */,
				3FB12AE3293094F900FA39FE /* Main.storyboard in Resources */,
			);
			runOnlyForDeploymentPostprocessing = 0;
		};
		3FB12AEC293094FB00FA39FE /* Resources */ = {
			isa = PBXResourcesBuildPhase;
			buildActionMask = 2147483647;
			files = (
			);
			runOnlyForDeploymentPostprocessing = 0;
		};
		3FB12AF6293094FB00FA39FE /* Resources */ = {
			isa = PBXResourcesBuildPhase;
			buildActionMask = 2147483647;
			files = (
			);
			runOnlyForDeploymentPostprocessing = 0;
		};
/* End PBXResourcesBuildPhase section */

/* Begin PBXShellScriptBuildPhase section */
		06EF87785E9BBE5F7C018371 /* [CP] Check Pods Manifest.lock */ = {
			isa = PBXShellScriptBuildPhase;
			buildActionMask = 2147483647;
			files = (
			);
			inputFileListPaths = (
			);
			inputPaths = (
				"${PODS_PODFILE_DIR_PATH}/Podfile.lock",
				"${PODS_ROOT}/Manifest.lock",
			);
			name = "[CP] Check Pods Manifest.lock";
			outputFileListPaths = (
			);
			outputPaths = (
				"$(DERIVED_FILE_DIR)/Pods-RutaSegura-checkManifestLockResult.txt",
			);
			runOnlyForDeploymentPostprocessing = 0;
			shellPath = /bin/sh;
			shellScript = "diff \"${PODS_PODFILE_DIR_PATH}/Podfile.lock\" \"${PODS_ROOT}/Manifest.lock\" > /dev/null\nif [ $? != 0 ] ; then\n    # print error to STDERR\n    echo \"error: The sandbox is not in sync with the Podfile.lock. Run 'pod install' or update your CocoaPods installation.\" >&2\n    exit 1\nfi\n# This output is used by Xcode 'outputs' to avoid re-running this script phase.\necho \"SUCCESS\" > \"${SCRIPT_OUTPUT_FILE_0}\"\n";
			showEnvVarsInLog = 0;
		};
		0E381559A67341E063C1B244 /* [CP] Embed Pods Frameworks */ = {
			isa = PBXShellScriptBuildPhase;
			buildActionMask = 2147483647;
			files = (
			);
			inputFileListPaths = (
				"${PODS_ROOT}/Target Support Files/Pods-RutaSegura-RutaSeguraUITests/Pods-RutaSegura-RutaSeguraUITests-frameworks-${CONFIGURATION}-input-files.xcfilelist",
			);
			name = "[CP] Embed Pods Frameworks";
			outputFileListPaths = (
				"${PODS_ROOT}/Target Support Files/Pods-RutaSegura-RutaSeguraUITests/Pods-RutaSegura-RutaSeguraUITests-frameworks-${CONFIGURATION}-output-files.xcfilelist",
			);
			runOnlyForDeploymentPostprocessing = 0;
			shellPath = /bin/sh;
			shellScript = "\"${PODS_ROOT}/Target Support Files/Pods-RutaSegura-RutaSeguraUITests/Pods-RutaSegura-RutaSeguraUITests-frameworks.sh\"\n";
			showEnvVarsInLog = 0;
		};
		2C2C78E12A20411D5167C5A9 /* [CP] Embed Pods Frameworks */ = {
			isa = PBXShellScriptBuildPhase;
			buildActionMask = 2147483647;
			files = (
			);
			inputFileListPaths = (
				"${PODS_ROOT}/Target Support Files/Pods-RutaSegura/Pods-RutaSegura-frameworks-${CONFIGURATION}-input-files.xcfilelist",
			);
			name = "[CP] Embed Pods Frameworks";
			outputFileListPaths = (
				"${PODS_ROOT}/Target Support Files/Pods-RutaSegura/Pods-RutaSegura-frameworks-${CONFIGURATION}-output-files.xcfilelist",
			);
			runOnlyForDeploymentPostprocessing = 0;
			shellPath = /bin/sh;
			shellScript = "\"${PODS_ROOT}/Target Support Files/Pods-RutaSegura/Pods-RutaSegura-frameworks.sh\"\n";
			showEnvVarsInLog = 0;
		};
		3F35093C2932D591004D80FA /* ShellScript */ = {
			isa = PBXShellScriptBuildPhase;
			buildActionMask = 2147483647;
			files = (
			);
			inputFileListPaths = (
			);
			inputPaths = (
			);
			outputFileListPaths = (
			);
			outputPaths = (
			);
			runOnlyForDeploymentPostprocessing = 0;
			shellPath = /bin/sh;
			shellScript = "if which \"${PODS_ROOT}/SwiftLint/swiftlint\" >/dev/null; then\n    ${PODS_ROOT}/SwiftLint/swiftlint --fix && ${PODS_ROOT}/SwiftLint/swiftlint\nelse\n    echo \"warning: SwiftLint not installed, download from https://github.com/realm/SwiftLint\"\nfi\n\n";
		};
		4B10DFC4FF3E986B5A3CEAEA /* [CP] Check Pods Manifest.lock */ = {
			isa = PBXShellScriptBuildPhase;
			buildActionMask = 2147483647;
			files = (
			);
			inputFileListPaths = (
			);
			inputPaths = (
				"${PODS_PODFILE_DIR_PATH}/Podfile.lock",
				"${PODS_ROOT}/Manifest.lock",
			);
			name = "[CP] Check Pods Manifest.lock";
			outputFileListPaths = (
			);
			outputPaths = (
				"$(DERIVED_FILE_DIR)/Pods-RutaSeguraTests-checkManifestLockResult.txt",
			);
			runOnlyForDeploymentPostprocessing = 0;
			shellPath = /bin/sh;
			shellScript = "diff \"${PODS_PODFILE_DIR_PATH}/Podfile.lock\" \"${PODS_ROOT}/Manifest.lock\" > /dev/null\nif [ $? != 0 ] ; then\n    # print error to STDERR\n    echo \"error: The sandbox is not in sync with the Podfile.lock. Run 'pod install' or update your CocoaPods installation.\" >&2\n    exit 1\nfi\n# This output is used by Xcode 'outputs' to avoid re-running this script phase.\necho \"SUCCESS\" > \"${SCRIPT_OUTPUT_FILE_0}\"\n";
			showEnvVarsInLog = 0;
		};
		590D0B8B7EEDD5CA311608C7 /* [CP] Check Pods Manifest.lock */ = {
			isa = PBXShellScriptBuildPhase;
			buildActionMask = 2147483647;
			files = (
			);
			inputFileListPaths = (
			);
			inputPaths = (
				"${PODS_PODFILE_DIR_PATH}/Podfile.lock",
				"${PODS_ROOT}/Manifest.lock",
			);
			name = "[CP] Check Pods Manifest.lock";
			outputFileListPaths = (
			);
			outputPaths = (
				"$(DERIVED_FILE_DIR)/Pods-RutaSegura-RutaSeguraUITests-checkManifestLockResult.txt",
			);
			runOnlyForDeploymentPostprocessing = 0;
			shellPath = /bin/sh;
			shellScript = "diff \"${PODS_PODFILE_DIR_PATH}/Podfile.lock\" \"${PODS_ROOT}/Manifest.lock\" > /dev/null\nif [ $? != 0 ] ; then\n    # print error to STDERR\n    echo \"error: The sandbox is not in sync with the Podfile.lock. Run 'pod install' or update your CocoaPods installation.\" >&2\n    exit 1\nfi\n# This output is used by Xcode 'outputs' to avoid re-running this script phase.\necho \"SUCCESS\" > \"${SCRIPT_OUTPUT_FILE_0}\"\n";
			showEnvVarsInLog = 0;
		};
/* End PBXShellScriptBuildPhase section */

/* Begin PBXSourcesBuildPhase section */
		3FB12AD4293094F900FA39FE /* Sources */ = {
			isa = PBXSourcesBuildPhase;
			buildActionMask = 2147483647;
			files = (
				3FB12AE0293094F900FA39FE /* ViewController.swift in Sources */,
				3FB12ADC293094F900FA39FE /* AppDelegate.swift in Sources */,
				3FB12ADE293094F900FA39FE /* SceneDelegate.swift in Sources */,
				3FEC78902935DA6D0093D2D3 /* AppConstants.swift in Sources */,
				3FEC78932935DD640093D2D3 /* ApiClient.swift in Sources */,
				3FEC78962935E11B0093D2D3 /* RutaSeguraEntity.swift in Sources */,
			);
			runOnlyForDeploymentPostprocessing = 0;
		};
		3FB12AEA293094FB00FA39FE /* Sources */ = {
			isa = PBXSourcesBuildPhase;
			buildActionMask = 2147483647;
			files = (
				3FB12AF3293094FB00FA39FE /* RutaSeguraTests.swift in Sources */,
			);
			runOnlyForDeploymentPostprocessing = 0;
		};
		3FB12AF4293094FB00FA39FE /* Sources */ = {
			isa = PBXSourcesBuildPhase;
			buildActionMask = 2147483647;
			files = (
				3FB12AFD293094FB00FA39FE /* RutaSeguraUITests.swift in Sources */,
				3FB12AFF293094FB00FA39FE /* RutaSeguraUITestsLaunchTests.swift in Sources */,
			);
			runOnlyForDeploymentPostprocessing = 0;
		};
/* End PBXSourcesBuildPhase section */

/* Begin PBXTargetDependency section */
		3FB12AF0293094FB00FA39FE /* PBXTargetDependency */ = {
			isa = PBXTargetDependency;
			target = 3FB12AD7293094F900FA39FE /* RutaSegura */;
			targetProxy = 3FB12AEF293094FB00FA39FE /* PBXContainerItemProxy */;
		};
		3FB12AFA293094FB00FA39FE /* PBXTargetDependency */ = {
			isa = PBXTargetDependency;
			target = 3FB12AD7293094F900FA39FE /* RutaSegura */;
			targetProxy = 3FB12AF9293094FB00FA39FE /* PBXContainerItemProxy */;
		};
/* End PBXTargetDependency section */

/* Begin PBXVariantGroup section */
		3FB12AE1293094F900FA39FE /* Main.storyboard */ = {
			isa = PBXVariantGroup;
			children = (
				3FB12AE2293094F900FA39FE /* Base */,
			);
			name = Main.storyboard;
			sourceTree = "<group>";
		};
		3FB12AE6293094FB00FA39FE /* LaunchScreen.storyboard */ = {
			isa = PBXVariantGroup;
			children = (
				3FB12AE7293094FB00FA39FE /* Base */,
			);
			name = LaunchScreen.storyboard;
			sourceTree = "<group>";
		};
/* End PBXVariantGroup section */

/* Begin XCBuildConfiguration section */
		3FB12B00293094FB00FA39FE /* Debug */ = {
			isa = XCBuildConfiguration;
			buildSettings = {
				ALWAYS_SEARCH_USER_PATHS = NO;
				CLANG_ANALYZER_NONNULL = YES;
				CLANG_ANALYZER_NUMBER_OBJECT_CONVERSION = YES_AGGRESSIVE;
				CLANG_CXX_LANGUAGE_STANDARD = "gnu++20";
				CLANG_ENABLE_MODULES = YES;
				CLANG_ENABLE_OBJC_ARC = YES;
				CLANG_ENABLE_OBJC_WEAK = YES;
				CLANG_WARN_BLOCK_CAPTURE_AUTORELEASING = YES;
				CLANG_WARN_BOOL_CONVERSION = YES;
				CLANG_WARN_COMMA = YES;
				CLANG_WARN_CONSTANT_CONVERSION = YES;
				CLANG_WARN_DEPRECATED_OBJC_IMPLEMENTATIONS = YES;
				CLANG_WARN_DIRECT_OBJC_ISA_USAGE = YES_ERROR;
				CLANG_WARN_DOCUMENTATION_COMMENTS = YES;
				CLANG_WARN_EMPTY_BODY = YES;
				CLANG_WARN_ENUM_CONVERSION = YES;
				CLANG_WARN_INFINITE_RECURSION = YES;
				CLANG_WARN_INT_CONVERSION = YES;
				CLANG_WARN_NON_LITERAL_NULL_CONVERSION = YES;
				CLANG_WARN_OBJC_IMPLICIT_RETAIN_SELF = YES;
				CLANG_WARN_OBJC_LITERAL_CONVERSION = YES;
				CLANG_WARN_OBJC_ROOT_CLASS = YES_ERROR;
				CLANG_WARN_QUOTED_INCLUDE_IN_FRAMEWORK_HEADER = YES;
				CLANG_WARN_RANGE_LOOP_ANALYSIS = YES;
				CLANG_WARN_STRICT_PROTOTYPES = YES;
				CLANG_WARN_SUSPICIOUS_MOVE = YES;
				CLANG_WARN_UNGUARDED_AVAILABILITY = YES_AGGRESSIVE;
				CLANG_WARN_UNREACHABLE_CODE = YES;
				CLANG_WARN__DUPLICATE_METHOD_MATCH = YES;
				COPY_PHASE_STRIP = NO;
				DEBUG_INFORMATION_FORMAT = dwarf;
				ENABLE_STRICT_OBJC_MSGSEND = YES;
				ENABLE_TESTABILITY = YES;
				GCC_C_LANGUAGE_STANDARD = gnu11;
				GCC_DYNAMIC_NO_PIC = NO;
				GCC_NO_COMMON_BLOCKS = YES;
				GCC_OPTIMIZATION_LEVEL = 0;
				GCC_PREPROCESSOR_DEFINITIONS = (
					"DEBUG=1",
					"$(inherited)",
				);
				GCC_WARN_64_TO_32_BIT_CONVERSION = YES;
				GCC_WARN_ABOUT_RETURN_TYPE = YES_ERROR;
				GCC_WARN_UNDECLARED_SELECTOR = YES;
				GCC_WARN_UNINITIALIZED_AUTOS = YES_AGGRESSIVE;
				GCC_WARN_UNUSED_FUNCTION = YES;
				GCC_WARN_UNUSED_VARIABLE = YES;
				IPHONEOS_DEPLOYMENT_TARGET = 13.0;
				MTL_ENABLE_DEBUG_INFO = INCLUDE_SOURCE;
				MTL_FAST_MATH = YES;
				ONLY_ACTIVE_ARCH = YES;
				SDKROOT = iphoneos;
				SWIFT_ACTIVE_COMPILATION_CONDITIONS = DEBUG;
				SWIFT_OPTIMIZATION_LEVEL = "-Onone";
			};
			name = Debug;
		};
		3FB12B01293094FB00FA39FE /* Release */ = {
			isa = XCBuildConfiguration;
			buildSettings = {
				ALWAYS_SEARCH_USER_PATHS = NO;
				CLANG_ANALYZER_NONNULL = YES;
				CLANG_ANALYZER_NUMBER_OBJECT_CONVERSION = YES_AGGRESSIVE;
				CLANG_CXX_LANGUAGE_STANDARD = "gnu++20";
				CLANG_ENABLE_MODULES = YES;
				CLANG_ENABLE_OBJC_ARC = YES;
				CLANG_ENABLE_OBJC_WEAK = YES;
				CLANG_WARN_BLOCK_CAPTURE_AUTORELEASING = YES;
				CLANG_WARN_BOOL_CONVERSION = YES;
				CLANG_WARN_COMMA = YES;
				CLANG_WARN_CONSTANT_CONVERSION = YES;
				CLANG_WARN_DEPRECATED_OBJC_IMPLEMENTATIONS = YES;
				CLANG_WARN_DIRECT_OBJC_ISA_USAGE = YES_ERROR;
				CLANG_WARN_DOCUMENTATION_COMMENTS = YES;
				CLANG_WARN_EMPTY_BODY = YES;
				CLANG_WARN_ENUM_CONVERSION = YES;
				CLANG_WARN_INFINITE_RECURSION = YES;
				CLANG_WARN_INT_CONVERSION = YES;
				CLANG_WARN_NON_LITERAL_NULL_CONVERSION = YES;
				CLANG_WARN_OBJC_IMPLICIT_RETAIN_SELF = YES;
				CLANG_WARN_OBJC_LITERAL_CONVERSION = YES;
				CLANG_WARN_OBJC_ROOT_CLASS = YES_ERROR;
				CLANG_WARN_QUOTED_INCLUDE_IN_FRAMEWORK_HEADER = YES;
				CLANG_WARN_RANGE_LOOP_ANALYSIS = YES;
				CLANG_WARN_STRICT_PROTOTYPES = YES;
				CLANG_WARN_SUSPICIOUS_MOVE = YES;
				CLANG_WARN_UNGUARDED_AVAILABILITY = YES_AGGRESSIVE;
				CLANG_WARN_UNREACHABLE_CODE = YES;
				CLANG_WARN__DUPLICATE_METHOD_MATCH = YES;
				COPY_PHASE_STRIP = NO;
				DEBUG_INFORMATION_FORMAT = "dwarf-with-dsym";
				ENABLE_NS_ASSERTIONS = NO;
				ENABLE_STRICT_OBJC_MSGSEND = YES;
				GCC_C_LANGUAGE_STANDARD = gnu11;
				GCC_NO_COMMON_BLOCKS = YES;
				GCC_WARN_64_TO_32_BIT_CONVERSION = YES;
				GCC_WARN_ABOUT_RETURN_TYPE = YES_ERROR;
				GCC_WARN_UNDECLARED_SELECTOR = YES;
				GCC_WARN_UNINITIALIZED_AUTOS = YES_AGGRESSIVE;
				GCC_WARN_UNUSED_FUNCTION = YES;
				GCC_WARN_UNUSED_VARIABLE = YES;
				IPHONEOS_DEPLOYMENT_TARGET = 13.0;
				MTL_ENABLE_DEBUG_INFO = NO;
				MTL_FAST_MATH = YES;
				SDKROOT = iphoneos;
				SWIFT_COMPILATION_MODE = wholemodule;
				SWIFT_OPTIMIZATION_LEVEL = "-O";
				VALIDATE_PRODUCT = YES;
			};
			name = Release;
		};
		3FB12B03293094FB00FA39FE /* Debug */ = {
			isa = XCBuildConfiguration;
			baseConfigurationReference = 90F6D40A9745A9B2F958777D /* Pods-RutaSegura.debug.xcconfig */;
			buildSettings = {
				ASSETCATALOG_COMPILER_APPICON_NAME = AppIcon;
				ASSETCATALOG_COMPILER_GLOBAL_ACCENT_COLOR_NAME = AccentColor;
				CODE_SIGN_STYLE = Automatic;
				CURRENT_PROJECT_VERSION = 1;
				GENERATE_INFOPLIST_FILE = YES;
				INFOPLIST_FILE = RutaSegura/Info.plist;
				INFOPLIST_KEY_UIApplicationSupportsIndirectInputEvents = YES;
				INFOPLIST_KEY_UILaunchStoryboardName = LaunchScreen;
				INFOPLIST_KEY_UIMainStoryboardFile = Main;
				INFOPLIST_KEY_UISupportedInterfaceOrientations_iPad = "UIInterfaceOrientationPortrait UIInterfaceOrientationPortraitUpsideDown UIInterfaceOrientationLandscapeLeft UIInterfaceOrientationLandscapeRight";
				INFOPLIST_KEY_UISupportedInterfaceOrientations_iPhone = "UIInterfaceOrientationPortrait UIInterfaceOrientationLandscapeLeft UIInterfaceOrientationLandscapeRight";
				LD_RUNPATH_SEARCH_PATHS = (
					"$(inherited)",
					"@executable_path/Frameworks",
				);
				MARKETING_VERSION = 1.0;
				PRODUCT_BUNDLE_IDENTIFIER = com.esmeraldos.RutaSegura;
				PRODUCT_NAME = "$(TARGET_NAME)";
				SUPPORTED_PLATFORMS = "iphoneos iphonesimulator";
				SUPPORTS_MACCATALYST = NO;
				SUPPORTS_MAC_DESIGNED_FOR_IPHONE_IPAD = NO;
				SWIFT_EMIT_LOC_STRINGS = YES;
				SWIFT_VERSION = 5.0;
				TARGETED_DEVICE_FAMILY = "1,2";
			};
			name = Debug;
		};
		3FB12B04293094FB00FA39FE /* Release */ = {
			isa = XCBuildConfiguration;
			baseConfigurationReference = F10036A65FAF19AB27674CA9 /* Pods-RutaSegura.release.xcconfig */;
			buildSettings = {
				ASSETCATALOG_COMPILER_APPICON_NAME = AppIcon;
				ASSETCATALOG_COMPILER_GLOBAL_ACCENT_COLOR_NAME = AccentColor;
				CODE_SIGN_STYLE = Automatic;
				CURRENT_PROJECT_VERSION = 1;
				GENERATE_INFOPLIST_FILE = YES;
				INFOPLIST_FILE = RutaSegura/Info.plist;
				INFOPLIST_KEY_UIApplicationSupportsIndirectInputEvents = YES;
				INFOPLIST_KEY_UILaunchStoryboardName = LaunchScreen;
				INFOPLIST_KEY_UIMainStoryboardFile = Main;
				INFOPLIST_KEY_UISupportedInterfaceOrientations_iPad = "UIInterfaceOrientationPortrait UIInterfaceOrientationPortraitUpsideDown UIInterfaceOrientationLandscapeLeft UIInterfaceOrientationLandscapeRight";
				INFOPLIST_KEY_UISupportedInterfaceOrientations_iPhone = "UIInterfaceOrientationPortrait UIInterfaceOrientationLandscapeLeft UIInterfaceOrientationLandscapeRight";
				LD_RUNPATH_SEARCH_PATHS = (
					"$(inherited)",
					"@executable_path/Frameworks",
				);
				MARKETING_VERSION = 1.0;
				PRODUCT_BUNDLE_IDENTIFIER = com.esmeraldos.RutaSegura;
				PRODUCT_NAME = "$(TARGET_NAME)";
				SUPPORTED_PLATFORMS = "iphoneos iphonesimulator";
				SUPPORTS_MACCATALYST = NO;
				SUPPORTS_MAC_DESIGNED_FOR_IPHONE_IPAD = NO;
				SWIFT_EMIT_LOC_STRINGS = YES;
				SWIFT_VERSION = 5.0;
				TARGETED_DEVICE_FAMILY = "1,2";
			};
			name = Release;
		};
		3FB12B06293094FB00FA39FE /* Debug */ = {
			isa = XCBuildConfiguration;
			baseConfigurationReference = BE64027E428A89ED4F8D267C /* Pods-RutaSeguraTests.debug.xcconfig */;
			buildSettings = {
				ALWAYS_EMBED_SWIFT_STANDARD_LIBRARIES = YES;
				BUNDLE_LOADER = "$(TEST_HOST)";
				CODE_SIGN_STYLE = Automatic;
				CURRENT_PROJECT_VERSION = 1;
				GENERATE_INFOPLIST_FILE = YES;
				IPHONEOS_DEPLOYMENT_TARGET = 16.0;
				MARKETING_VERSION = 1.0;
				PRODUCT_BUNDLE_IDENTIFIER = com.esmeraldos.RutaSeguraTests;
				PRODUCT_NAME = "$(TARGET_NAME)";
				SUPPORTED_PLATFORMS = "iphoneos iphonesimulator";
				SUPPORTS_MACCATALYST = NO;
				SUPPORTS_MAC_DESIGNED_FOR_IPHONE_IPAD = NO;
				SWIFT_EMIT_LOC_STRINGS = NO;
				SWIFT_VERSION = 5.0;
				TARGETED_DEVICE_FAMILY = "1,2";
				TEST_HOST = "$(BUILT_PRODUCTS_DIR)/RutaSegura.app/$(BUNDLE_EXECUTABLE_FOLDER_PATH)/RutaSegura";
			};
			name = Debug;
		};
		3FB12B07293094FB00FA39FE /* Release */ = {
			isa = XCBuildConfiguration;
			baseConfigurationReference = F5B7DC62F4BA90C8F5249087 /* Pods-RutaSeguraTests.release.xcconfig */;
			buildSettings = {
				ALWAYS_EMBED_SWIFT_STANDARD_LIBRARIES = YES;
				BUNDLE_LOADER = "$(TEST_HOST)";
				CODE_SIGN_STYLE = Automatic;
				CURRENT_PROJECT_VERSION = 1;
				GENERATE_INFOPLIST_FILE = YES;
				IPHONEOS_DEPLOYMENT_TARGET = 16.0;
				MARKETING_VERSION = 1.0;
				PRODUCT_BUNDLE_IDENTIFIER = com.esmeraldos.RutaSeguraTests;
				PRODUCT_NAME = "$(TARGET_NAME)";
				SUPPORTED_PLATFORMS = "iphoneos iphonesimulator";
				SUPPORTS_MACCATALYST = NO;
				SUPPORTS_MAC_DESIGNED_FOR_IPHONE_IPAD = NO;
				SWIFT_EMIT_LOC_STRINGS = NO;
				SWIFT_VERSION = 5.0;
				TARGETED_DEVICE_FAMILY = "1,2";
				TEST_HOST = "$(BUILT_PRODUCTS_DIR)/RutaSegura.app/$(BUNDLE_EXECUTABLE_FOLDER_PATH)/RutaSegura";
			};
			name = Release;
		};
		3FB12B09293094FB00FA39FE /* Debug */ = {
			isa = XCBuildConfiguration;
			baseConfigurationReference = 45D3097E07915575849118F7 /* Pods-RutaSegura-RutaSeguraUITests.debug.xcconfig */;
			buildSettings = {
				ALWAYS_EMBED_SWIFT_STANDARD_LIBRARIES = YES;
				CODE_SIGN_STYLE = Automatic;
				CURRENT_PROJECT_VERSION = 1;
				GENERATE_INFOPLIST_FILE = YES;
				MARKETING_VERSION = 1.0;
				PRODUCT_BUNDLE_IDENTIFIER = com.esmeraldos.RutaSeguraUITests;
				PRODUCT_NAME = "$(TARGET_NAME)";
				SUPPORTED_PLATFORMS = "iphoneos iphonesimulator";
				SUPPORTS_MACCATALYST = NO;
				SUPPORTS_MAC_DESIGNED_FOR_IPHONE_IPAD = NO;
				SWIFT_EMIT_LOC_STRINGS = NO;
				SWIFT_VERSION = 5.0;
				TARGETED_DEVICE_FAMILY = "1,2";
				TEST_TARGET_NAME = RutaSegura;
			};
			name = Debug;
		};
		3FB12B0A293094FB00FA39FE /* Release */ = {
			isa = XCBuildConfiguration;
			baseConfigurationReference = 31DE700B96E679B56904812E /* Pods-RutaSegura-RutaSeguraUITests.release.xcconfig */;
			buildSettings = {
				ALWAYS_EMBED_SWIFT_STANDARD_LIBRARIES = YES;
				CODE_SIGN_STYLE = Automatic;
				CURRENT_PROJECT_VERSION = 1;
				GENERATE_INFOPLIST_FILE = YES;
				MARKETING_VERSION = 1.0;
				PRODUCT_BUNDLE_IDENTIFIER = com.esmeraldos.RutaSeguraUITests;
				PRODUCT_NAME = "$(TARGET_NAME)";
				SUPPORTED_PLATFORMS = "iphoneos iphonesimulator";
				SUPPORTS_MACCATALYST = NO;
				SUPPORTS_MAC_DESIGNED_FOR_IPHONE_IPAD = NO;
				SWIFT_EMIT_LOC_STRINGS = NO;
				SWIFT_VERSION = 5.0;
				TARGETED_DEVICE_FAMILY = "1,2";
				TEST_TARGET_NAME = RutaSegura;
			};
			name = Release;
		};
/* End XCBuildConfiguration section */

/* Begin XCConfigurationList section */
		3FB12AD3293094F900FA39FE /* Build configuration list for PBXProject "RutaSegura" */ = {
			isa = XCConfigurationList;
			buildConfigurations = (
				3FB12B00293094FB00FA39FE /* Debug */,
				3FB12B01293094FB00FA39FE /* Release */,
			);
			defaultConfigurationIsVisible = 0;
			defaultConfigurationName = Release;
		};
		3FB12B02293094FB00FA39FE /* Build configuration list for PBXNativeTarget "RutaSegura" */ = {
			isa = XCConfigurationList;
			buildConfigurations = (
				3FB12B03293094FB00FA39FE /* Debug */,
				3FB12B04293094FB00FA39FE /* Release */,
			);
			defaultConfigurationIsVisible = 0;
			defaultConfigurationName = Release;
		};
		3FB12B05293094FB00FA39FE /* Build configuration list for PBXNativeTarget "RutaSeguraTests" */ = {
			isa = XCConfigurationList;
			buildConfigurations = (
				3FB12B06293094FB00FA39FE /* Debug */,
				3FB12B07293094FB00FA39FE /* Release */,
			);
			defaultConfigurationIsVisible = 0;
			defaultConfigurationName = Release;
		};
		3FB12B08293094FB00FA39FE /* Build configuration list for PBXNativeTarget "RutaSeguraUITests" */ = {
			isa = XCConfigurationList;
			buildConfigurations = (
				3FB12B09293094FB00FA39FE /* Debug */,
				3FB12B0A293094FB00FA39FE /* Release */,
			);
			defaultConfigurationIsVisible = 0;
			defaultConfigurationName = Release;
		};
/* End XCConfigurationList section */
	};
	rootObject = 3FB12AD0293094F900FA39FE /* Project object */;
}
